// !$*UTF8*$!
{
	archiveVersion = 1;
	classes = {
	};
	objectVersion = 77;
	objects = {

/* Begin PBXBuildFile section */
		BA44C90C2CC912B9002A16C4 /* Assets.xcassets in Resources */ = {isa = PBXBuildFile; fileRef = BA44C9062CC912B9002A16C4 /* Assets.xcassets */; };
		BA44C90E2CC912B9002A16C4 /* CameraPOC.swift in Sources */ = {isa = PBXBuildFile; fileRef = BA44C9092CC912B9002A16C4 /* CameraPOC.swift */; };
		BA44C90F2CC912B9002A16C4 /* CameraView.swift in Sources */ = {isa = PBXBuildFile; fileRef = BA44C90A2CC912B9002A16C4 /* CameraView.swift */; };
		BA6680D72CCA964400D95364 /* Action.swift in Sources */ = {isa = PBXBuildFile; fileRef = BA6680D32CCA964400D95364 /* Action.swift */; };
		BA6680D82CCA964400D95364 /* Store.swift in Sources */ = {isa = PBXBuildFile; fileRef = BA6680D52CCA964400D95364 /* Store.swift */; };
		BA6680D92CCA964400D95364 /* Dispatcher.swift in Sources */ = {isa = PBXBuildFile; fileRef = BA6680D42CCA964400D95364 /* Dispatcher.swift */; };
		BA6680E42CCA9D0900D95364 /* Camera-Watch-POC-Info.plist in Resources */ = {isa = PBXBuildFile; fileRef = BA6680E32CCA9D0900D95364 /* Camera-Watch-POC-Info.plist */; };
		BA6680E52CCA9DDE00D95364 /* Action.swift in Sources */ = {isa = PBXBuildFile; fileRef = BA6680D32CCA964400D95364 /* Action.swift */; };
		BA6680E62CCA9DE400D95364 /* Dispatcher.swift in Sources */ = {isa = PBXBuildFile; fileRef = BA6680D42CCA964400D95364 /* Dispatcher.swift */; };
		BA6680E72CCA9DE900D95364 /* Store.swift in Sources */ = {isa = PBXBuildFile; fileRef = BA6680D52CCA964400D95364 /* Store.swift */; };
		BA6680E92CCA9E7500D95364 /* PhotoDelegate.swift in Sources */ = {isa = PBXBuildFile; fileRef = BA6680E82CCA9E7500D95364 /* PhotoDelegate.swift */; };
		BA6680EB2CCFAA0100D95364 /* CameraAction.swift in Sources */ = {isa = PBXBuildFile; fileRef = BA6680EA2CCFAA0100D95364 /* CameraAction.swift */; };
		BA6680ED2CCFAA1700D95364 /* CameraStore.swift in Sources */ = {isa = PBXBuildFile; fileRef = BA6680EC2CCFAA1700D95364 /* CameraStore.swift */; };
		BA6680EF2CCFAA7B00D95364 /* WatchManager.swift in Sources */ = {isa = PBXBuildFile; fileRef = BA6680EE2CCFAA7B00D95364 /* WatchManager.swift */; };
		BA6680F12CCFAA9F00D95364 /* CameraPreview.swift in Sources */ = {isa = PBXBuildFile; fileRef = BA6680F02CCFAA9F00D95364 /* CameraPreview.swift */; };
		BA6680F32CCFAABA00D95364 /* WatchStatus.swift in Sources */ = {isa = PBXBuildFile; fileRef = BA6680F22CCFAABA00D95364 /* WatchStatus.swift */; };
		BA6680F52CCFABDC00D95364 /* CameraDispatcher.swift in Sources */ = {isa = PBXBuildFile; fileRef = BA6680F42CCFABDC00D95364 /* CameraDispatcher.swift */; };
		BA6680FA2CCFB0F300D95364 /* CameraState.swift in Sources */ = {isa = PBXBuildFile; fileRef = BA6680F92CCFB0F300D95364 /* CameraState.swift */; };
		BAB8A1A62CC936C5005BD6EC /* Camera Watch POC.app in Embed Watch Content */ = {isa = PBXBuildFile; fileRef = BAB8A1992CC936C4005BD6EC /* Camera Watch POC.app */; settings = {ATTRIBUTES = (RemoveHeadersOnCopy, ); }; };
		BAB8A1B22CC936D1005BD6EC /* Assets.xcassets in Resources */ = {isa = PBXBuildFile; fileRef = BAB8A1AD2CC936D1005BD6EC /* Assets.xcassets */; };
		BAB8A1B32CC936D1005BD6EC /* CameraWatchPOC.swift in Sources */ = {isa = PBXBuildFile; fileRef = BAB8A1AE2CC936D1005BD6EC /* CameraWatchPOC.swift */; };
		BAB8A1B42CC936D1005BD6EC /* ContentView.swift in Sources */ = {isa = PBXBuildFile; fileRef = BAB8A1AF2CC936D1005BD6EC /* ContentView.swift */; };
/* End PBXBuildFile section */

/* Begin PBXContainerItemProxy section */
		BAB8A1A42CC936C5005BD6EC /* PBXContainerItemProxy */ = {
			isa = PBXContainerItemProxy;
			containerPortal = BA44C8DE2CC91262002A16C4 /* Project object */;
			proxyType = 1;
			remoteGlobalIDString = BAB8A1982CC936C4005BD6EC;
			remoteInfo = "Camera Watch POC v2 Watch App";
		};
/* End PBXContainerItemProxy section */

/* Begin PBXCopyFilesBuildPhase section */
		BAB8A1AA2CC936C5005BD6EC /* Embed Watch Content */ = {
			isa = PBXCopyFilesBuildPhase;
			buildActionMask = 2147483647;
			dstPath = "$(CONTENTS_FOLDER_PATH)/Watch";
			dstSubfolderSpec = 16;
			files = (
				BAB8A1A62CC936C5005BD6EC /* Camera Watch POC.app in Embed Watch Content */,
			);
			name = "Embed Watch Content";
			runOnlyForDeploymentPostprocessing = 0;
		};
/* End PBXCopyFilesBuildPhase section */

/* Begin PBXFileReference section */
		BA44C8E62CC91262002A16C4 /* Camera POC.app */ = {isa = PBXFileReference; explicitFileType = wrapper.application; includeInIndex = 0; path = "Camera POC.app"; sourceTree = BUILT_PRODUCTS_DIR; };
		BA44C9062CC912B9002A16C4 /* Assets.xcassets */ = {isa = PBXFileReference; lastKnownFileType = folder.assetcatalog; path = Assets.xcassets; sourceTree = "<group>"; };
		BA44C9092CC912B9002A16C4 /* CameraPOC.swift */ = {isa = PBXFileReference; lastKnownFileType = sourcecode.swift; path = CameraPOC.swift; sourceTree = "<group>"; };
		BA44C90A2CC912B9002A16C4 /* CameraView.swift */ = {isa = PBXFileReference; lastKnownFileType = sourcecode.swift; path = CameraView.swift; sourceTree = "<group>"; };
		BA6680D32CCA964400D95364 /* Action.swift */ = {isa = PBXFileReference; lastKnownFileType = sourcecode.swift; path = Action.swift; sourceTree = "<group>"; };
		BA6680D42CCA964400D95364 /* Dispatcher.swift */ = {isa = PBXFileReference; lastKnownFileType = sourcecode.swift; path = Dispatcher.swift; sourceTree = "<group>"; };
		BA6680D52CCA964400D95364 /* Store.swift */ = {isa = PBXFileReference; lastKnownFileType = sourcecode.swift; path = Store.swift; sourceTree = "<group>"; };
		BA6680DE2CCA9A9300D95364 /* Camera-POC-Info.plist */ = {isa = PBXFileReference; lastKnownFileType = text.plist.xml; path = "Camera-POC-Info.plist"; sourceTree = "<group>"; };
		BA6680E32CCA9D0900D95364 /* Camera-Watch-POC-Info.plist */ = {isa = PBXFileReference; lastKnownFileType = text.plist.xml; path = "Camera-Watch-POC-Info.plist"; sourceTree = "<group>"; };
		BA6680E82CCA9E7500D95364 /* PhotoDelegate.swift */ = {isa = PBXFileReference; lastKnownFileType = sourcecode.swift; path = PhotoDelegate.swift; sourceTree = "<group>"; };
		BA6680EA2CCFAA0100D95364 /* CameraAction.swift */ = {isa = PBXFileReference; lastKnownFileType = sourcecode.swift; path = CameraAction.swift; sourceTree = "<group>"; };
		BA6680EC2CCFAA1700D95364 /* CameraStore.swift */ = {isa = PBXFileReference; lastKnownFileType = sourcecode.swift; path = CameraStore.swift; sourceTree = "<group>"; };
		BA6680EE2CCFAA7B00D95364 /* WatchManager.swift */ = {isa = PBXFileReference; lastKnownFileType = sourcecode.swift; path = WatchManager.swift; sourceTree = "<group>"; };
		BA6680F02CCFAA9F00D95364 /* CameraPreview.swift */ = {isa = PBXFileReference; lastKnownFileType = sourcecode.swift; path = CameraPreview.swift; sourceTree = "<group>"; };
		BA6680F22CCFAABA00D95364 /* WatchStatus.swift */ = {isa = PBXFileReference; lastKnownFileType = sourcecode.swift; path = WatchStatus.swift; sourceTree = "<group>"; };
		BA6680F42CCFABDC00D95364 /* CameraDispatcher.swift */ = {isa = PBXFileReference; lastKnownFileType = sourcecode.swift; path = CameraDispatcher.swift; sourceTree = "<group>"; };
		BA6680F92CCFB0F300D95364 /* CameraState.swift */ = {isa = PBXFileReference; lastKnownFileType = sourcecode.swift; path = CameraState.swift; sourceTree = "<group>"; };
		BAB8A1992CC936C4005BD6EC /* Camera Watch POC.app */ = {isa = PBXFileReference; explicitFileType = wrapper.application; includeInIndex = 0; path = "Camera Watch POC.app"; sourceTree = BUILT_PRODUCTS_DIR; };
		BAB8A1AD2CC936D1005BD6EC /* Assets.xcassets */ = {isa = PBXFileReference; lastKnownFileType = folder.assetcatalog; path = Assets.xcassets; sourceTree = "<group>"; };
		BAB8A1AE2CC936D1005BD6EC /* CameraWatchPOC.swift */ = {isa = PBXFileReference; lastKnownFileType = sourcecode.swift; path = CameraWatchPOC.swift; sourceTree = "<group>"; };
		BAB8A1AF2CC936D1005BD6EC /* ContentView.swift */ = {isa = PBXFileReference; lastKnownFileType = sourcecode.swift; path = ContentView.swift; sourceTree = "<group>"; };
/* End PBXFileReference section */

/* Begin PBXFrameworksBuildPhase section */
		BA44C8E32CC91262002A16C4 /* Frameworks */ = {
			isa = PBXFrameworksBuildPhase;
			buildActionMask = 2147483647;
			files = (
			);
			runOnlyForDeploymentPostprocessing = 0;
		};
		BAB8A1962CC936C4005BD6EC /* Frameworks */ = {
			isa = PBXFrameworksBuildPhase;
			buildActionMask = 2147483647;
			files = (
			);
			runOnlyForDeploymentPostprocessing = 0;
		};
/* End PBXFrameworksBuildPhase section */

/* Begin PBXGroup section */
		BA44C8DD2CC91262002A16C4 = {
			isa = PBXGroup;
			children = (
				BA44C90B2CC912B9002A16C4 /* Camera POC */,
				BAB8A1B02CC936D1005BD6EC /* Camera Watch POC */,
				BA6680D62CCA964400D95364 /* 􀯠 Flux */,
				BA44C8E72CC91262002A16C4 /* Products */,
			);
			sourceTree = "<group>";
		};
		BA44C8E72CC91262002A16C4 /* Products */ = {
			isa = PBXGroup;
			children = (
				BA44C8E62CC91262002A16C4 /* Camera POC.app */,
				BAB8A1992CC936C4005BD6EC /* Camera Watch POC.app */,
			);
			name = Products;
			sourceTree = "<group>";
		};
		BA44C9072CC912B9002A16C4 /* 􀈚 Resources */ = {
			isa = PBXGroup;
			children = (
				BA44C9062CC912B9002A16C4 /* Assets.xcassets */,
				BA6680DE2CCA9A9300D95364 /* Camera-POC-Info.plist */,
			);
			path = "􀈚 Resources";
			sourceTree = "<group>";
		};
		BA44C90B2CC912B9002A16C4 /* Camera POC */ = {
			isa = PBXGroup;
			children = (
				BA44C9092CC912B9002A16C4 /* CameraPOC.swift */,
				BA6680F62CCFAF8D00D95364 /* CameraView */,
				BA6680F72CCFAF9E00D95364 /* Photo */,
				BA6680F82CCFAFA600D95364 /* Watch */,
				BA44C9072CC912B9002A16C4 /* 􀈚 Resources */,
			);
			path = "Camera POC";
			sourceTree = "<group>";
		};
		BA6680D62CCA964400D95364 /* 􀯠 Flux */ = {
			isa = PBXGroup;
			children = (
				BA6680D32CCA964400D95364 /* Action.swift */,
				BA6680D42CCA964400D95364 /* Dispatcher.swift */,
				BA6680D52CCA964400D95364 /* Store.swift */,
			);
			path = "􀯠 Flux";
			sourceTree = "<group>";
		};
		BA6680F62CCFAF8D00D95364 /* CameraView */ = {
			isa = PBXGroup;
			children = (
				BA44C90A2CC912B9002A16C4 /* CameraView.swift */,
				BA6680EA2CCFAA0100D95364 /* CameraAction.swift */,
				BA6680F42CCFABDC00D95364 /* CameraDispatcher.swift */,
				BA6680EC2CCFAA1700D95364 /* CameraStore.swift */,
				BA6680F92CCFB0F300D95364 /* CameraState.swift */,
			);
			path = CameraView;
			sourceTree = "<group>";
		};
		BA6680F72CCFAF9E00D95364 /* Photo */ = {
			isa = PBXGroup;
			children = (
				BA6680E82CCA9E7500D95364 /* PhotoDelegate.swift */,
				BA6680F02CCFAA9F00D95364 /* CameraPreview.swift */,
			);
			path = Photo;
			sourceTree = "<group>";
		};
		BA6680F82CCFAFA600D95364 /* Watch */ = {
			isa = PBXGroup;
			children = (
				BA6680EE2CCFAA7B00D95364 /* WatchManager.swift */,
				BA6680F22CCFAABA00D95364 /* WatchStatus.swift */,
			);
			path = Watch;
			sourceTree = "<group>";
		};
		BAB8A1AC2CC936D1005BD6EC /* 􀈚 Resources */ = {
			isa = PBXGroup;
			children = (
				BA6680E32CCA9D0900D95364 /* Camera-Watch-POC-Info.plist */,
				BAB8A1AD2CC936D1005BD6EC /* Assets.xcassets */,
			);
			path = "􀈚 Resources";
			sourceTree = "<group>";
		};
		BAB8A1B02CC936D1005BD6EC /* Camera Watch POC */ = {
			isa = PBXGroup;
			children = (
				BAB8A1AE2CC936D1005BD6EC /* CameraWatchPOC.swift */,
				BAB8A1AF2CC936D1005BD6EC /* ContentView.swift */,
				BAB8A1AC2CC936D1005BD6EC /* 􀈚 Resources */,
			);
			path = "Camera Watch POC";
			sourceTree = "<group>";
		};
/* End PBXGroup section */

/* Begin PBXNativeTarget section */
		BA44C8E52CC91262002A16C4 /* Camera POC */ = {
			isa = PBXNativeTarget;
			buildConfigurationList = BA44C8F42CC91263002A16C4 /* Build configuration list for PBXNativeTarget "Camera POC" */;
			buildPhases = (
				BA44C8E22CC91262002A16C4 /* Sources */,
				BA44C8E32CC91262002A16C4 /* Frameworks */,
				BA44C8E42CC91262002A16C4 /* Resources */,
				BAB8A1AA2CC936C5005BD6EC /* Embed Watch Content */,
			);
			buildRules = (
			);
			dependencies = (
				BAB8A1A52CC936C5005BD6EC /* PBXTargetDependency */,
			);
			name = "Camera POC";
			packageProductDependencies = (
			);
			productName = "Camera POC";
			productReference = BA44C8E62CC91262002A16C4 /* Camera POC.app */;
			productType = "com.apple.product-type.application";
		};
		BAB8A1982CC936C4005BD6EC /* Camera Watch POC */ = {
			isa = PBXNativeTarget;
			buildConfigurationList = BAB8A1A72CC936C5005BD6EC /* Build configuration list for PBXNativeTarget "Camera Watch POC" */;
			buildPhases = (
				BAB8A1952CC936C4005BD6EC /* Sources */,
				BAB8A1962CC936C4005BD6EC /* Frameworks */,
				BAB8A1972CC936C4005BD6EC /* Resources */,
			);
			buildRules = (
			);
			dependencies = (
			);
			name = "Camera Watch POC";
			packageProductDependencies = (
			);
			productName = "Camera Watch POC v2 Watch App";
			productReference = BAB8A1992CC936C4005BD6EC /* Camera Watch POC.app */;
			productType = "com.apple.product-type.application";
		};
/* End PBXNativeTarget section */

/* Begin PBXProject section */
		BA44C8DE2CC91262002A16C4 /* Project object */ = {
			isa = PBXProject;
			attributes = {
				BuildIndependentTargetsInParallel = 1;
				LastSwiftUpdateCheck = 1600;
				LastUpgradeCheck = 1600;
				TargetAttributes = {
					BA44C8E52CC91262002A16C4 = {
						CreatedOnToolsVersion = 16.0;
					};
					BAB8A1982CC936C4005BD6EC = {
						CreatedOnToolsVersion = 16.0;
					};
				};
			};
			buildConfigurationList = BA44C8E12CC91262002A16C4 /* Build configuration list for PBXProject "Camera POC" */;
			developmentRegion = en;
			hasScannedForEncodings = 0;
			knownRegions = (
				en,
				Base,
			);
			mainGroup = BA44C8DD2CC91262002A16C4;
			minimizedProjectReferenceProxies = 1;
			preferredProjectObjectVersion = 77;
			productRefGroup = BA44C8E72CC91262002A16C4 /* Products */;
			projectDirPath = "";
			projectRoot = "";
			targets = (
				BA44C8E52CC91262002A16C4 /* Camera POC */,
				BAB8A1982CC936C4005BD6EC /* Camera Watch POC */,
			);
		};
/* End PBXProject section */

/* Begin PBXResourcesBuildPhase section */
		BA44C8E42CC91262002A16C4 /* Resources */ = {
			isa = PBXResourcesBuildPhase;
			buildActionMask = 2147483647;
			files = (
				BA44C90C2CC912B9002A16C4 /* Assets.xcassets in Resources */,
			);
			runOnlyForDeploymentPostprocessing = 0;
		};
		BAB8A1972CC936C4005BD6EC /* Resources */ = {
			isa = PBXResourcesBuildPhase;
			buildActionMask = 2147483647;
			files = (
				BA6680E42CCA9D0900D95364 /* Camera-Watch-POC-Info.plist in Resources */,
				BAB8A1B22CC936D1005BD6EC /* Assets.xcassets in Resources */,
			);
			runOnlyForDeploymentPostprocessing = 0;
		};
/* End PBXResourcesBuildPhase section */

/* Begin PBXSourcesBuildPhase section */
		BA44C8E22CC91262002A16C4 /* Sources */ = {
			isa = PBXSourcesBuildPhase;
			buildActionMask = 2147483647;
			files = (
				BA6680F52CCFABDC00D95364 /* CameraDispatcher.swift in Sources */,
				BA44C90E2CC912B9002A16C4 /* CameraPOC.swift in Sources */,
				BA6680FA2CCFB0F300D95364 /* CameraState.swift in Sources */,
				BA44C90F2CC912B9002A16C4 /* CameraView.swift in Sources */,
				BA6680ED2CCFAA1700D95364 /* CameraStore.swift in Sources */,
				BA6680EB2CCFAA0100D95364 /* CameraAction.swift in Sources */,
				BA6680EF2CCFAA7B00D95364 /* WatchManager.swift in Sources */,
				BA6680F12CCFAA9F00D95364 /* CameraPreview.swift in Sources */,
				BA6680D72CCA964400D95364 /* Action.swift in Sources */,
				BA6680D82CCA964400D95364 /* Store.swift in Sources */,
				BA6680E92CCA9E7500D95364 /* PhotoDelegate.swift in Sources */,
				BA6680F32CCFAABA00D95364 /* WatchStatus.swift in Sources */,
				BA6680D92CCA964400D95364 /* Dispatcher.swift in Sources */,
			);
			runOnlyForDeploymentPostprocessing = 0;
		};
		BAB8A1952CC936C4005BD6EC /* Sources */ = {
			isa = PBXSourcesBuildPhase;
			buildActionMask = 2147483647;
			files = (
				BA6680E72CCA9DE900D95364 /* Store.swift in Sources */,
				BAB8A1B32CC936D1005BD6EC /* CameraWatchPOC.swift in Sources */,
				BA6680E52CCA9DDE00D95364 /* Action.swift in Sources */,
				BA6680E62CCA9DE400D95364 /* Dispatcher.swift in Sources */,
				BAB8A1B42CC936D1005BD6EC /* ContentView.swift in Sources */,
			);
			runOnlyForDeploymentPostprocessing = 0;
		};
/* End PBXSourcesBuildPhase section */

/* Begin PBXTargetDependency section */
		BAB8A1A52CC936C5005BD6EC /* PBXTargetDependency */ = {
			isa = PBXTargetDependency;
			target = BAB8A1982CC936C4005BD6EC /* Camera Watch POC */;
			targetProxy = BAB8A1A42CC936C5005BD6EC /* PBXContainerItemProxy */;
		};
/* End PBXTargetDependency section */

/* Begin XCBuildConfiguration section */
		BA44C8F22CC91263002A16C4 /* Debug */ = {
			isa = XCBuildConfiguration;
			buildSettings = {
				ALWAYS_SEARCH_USER_PATHS = NO;
				ASSETCATALOG_COMPILER_GENERATE_SWIFT_ASSET_SYMBOL_EXTENSIONS = YES;
				CLANG_ANALYZER_NONNULL = YES;
				CLANG_ANALYZER_NUMBER_OBJECT_CONVERSION = YES_AGGRESSIVE;
				CLANG_CXX_LANGUAGE_STANDARD = "gnu++20";
				CLANG_ENABLE_MODULES = YES;
				CLANG_ENABLE_OBJC_ARC = YES;
				CLANG_ENABLE_OBJC_WEAK = YES;
				CLANG_WARN_BLOCK_CAPTURE_AUTORELEASING = YES;
				CLANG_WARN_BOOL_CONVERSION = YES;
				CLANG_WARN_COMMA = YES;
				CLANG_WARN_CONSTANT_CONVERSION = YES;
				CLANG_WARN_DEPRECATED_OBJC_IMPLEMENTATIONS = YES;
				CLANG_WARN_DIRECT_OBJC_ISA_USAGE = YES_ERROR;
				CLANG_WARN_DOCUMENTATION_COMMENTS = YES;
				CLANG_WARN_EMPTY_BODY = YES;
				CLANG_WARN_ENUM_CONVERSION = YES;
				CLANG_WARN_INFINITE_RECURSION = YES;
				CLANG_WARN_INT_CONVERSION = YES;
				CLANG_WARN_NON_LITERAL_NULL_CONVERSION = YES;
				CLANG_WARN_OBJC_IMPLICIT_RETAIN_SELF = YES;
				CLANG_WARN_OBJC_LITERAL_CONVERSION = YES;
				CLANG_WARN_OBJC_ROOT_CLASS = YES_ERROR;
				CLANG_WARN_QUOTED_INCLUDE_IN_FRAMEWORK_HEADER = YES;
				CLANG_WARN_RANGE_LOOP_ANALYSIS = YES;
				CLANG_WARN_STRICT_PROTOTYPES = YES;
				CLANG_WARN_SUSPICIOUS_MOVE = YES;
				CLANG_WARN_UNGUARDED_AVAILABILITY = YES_AGGRESSIVE;
				CLANG_WARN_UNREACHABLE_CODE = YES;
				CLANG_WARN__DUPLICATE_METHOD_MATCH = YES;
				COPY_PHASE_STRIP = NO;
				DEBUG_INFORMATION_FORMAT = dwarf;
				ENABLE_STRICT_OBJC_MSGSEND = YES;
				ENABLE_TESTABILITY = YES;
				ENABLE_USER_SCRIPT_SANDBOXING = YES;
				GCC_C_LANGUAGE_STANDARD = gnu17;
				GCC_DYNAMIC_NO_PIC = NO;
				GCC_NO_COMMON_BLOCKS = YES;
				GCC_OPTIMIZATION_LEVEL = 0;
				GCC_PREPROCESSOR_DEFINITIONS = (
					"DEBUG=1",
					"$(inherited)",
				);
				GCC_WARN_64_TO_32_BIT_CONVERSION = YES;
				GCC_WARN_ABOUT_RETURN_TYPE = YES_ERROR;
				GCC_WARN_UNDECLARED_SELECTOR = YES;
				GCC_WARN_UNINITIALIZED_AUTOS = YES_AGGRESSIVE;
				GCC_WARN_UNUSED_FUNCTION = YES;
				GCC_WARN_UNUSED_VARIABLE = YES;
				IPHONEOS_DEPLOYMENT_TARGET = 18.0;
				LOCALIZATION_PREFERS_STRING_CATALOGS = YES;
				MTL_ENABLE_DEBUG_INFO = INCLUDE_SOURCE;
				MTL_FAST_MATH = YES;
				ONLY_ACTIVE_ARCH = YES;
				SDKROOT = iphoneos;
				SWIFT_ACTIVE_COMPILATION_CONDITIONS = "DEBUG $(inherited)";
				SWIFT_OPTIMIZATION_LEVEL = "-Onone";
			};
			name = Debug;
		};
		BA44C8F32CC91263002A16C4 /* Release */ = {
			isa = XCBuildConfiguration;
			buildSettings = {
				ALWAYS_SEARCH_USER_PATHS = NO;
				ASSETCATALOG_COMPILER_GENERATE_SWIFT_ASSET_SYMBOL_EXTENSIONS = YES;
				CLANG_ANALYZER_NONNULL = YES;
				CLANG_ANALYZER_NUMBER_OBJECT_CONVERSION = YES_AGGRESSIVE;
				CLANG_CXX_LANGUAGE_STANDARD = "gnu++20";
				CLANG_ENABLE_MODULES = YES;
				CLANG_ENABLE_OBJC_ARC = YES;
				CLANG_ENABLE_OBJC_WEAK = YES;
				CLANG_WARN_BLOCK_CAPTURE_AUTORELEASING = YES;
				CLANG_WARN_BOOL_CONVERSION = YES;
				CLANG_WARN_COMMA = YES;
				CLANG_WARN_CONSTANT_CONVERSION = YES;
				CLANG_WARN_DEPRECATED_OBJC_IMPLEMENTATIONS = YES;
				CLANG_WARN_DIRECT_OBJC_ISA_USAGE = YES_ERROR;
				CLANG_WARN_DOCUMENTATION_COMMENTS = YES;
				CLANG_WARN_EMPTY_BODY = YES;
				CLANG_WARN_ENUM_CONVERSION = YES;
				CLANG_WARN_INFINITE_RECURSION = YES;
				CLANG_WARN_INT_CONVERSION = YES;
				CLANG_WARN_NON_LITERAL_NULL_CONVERSION = YES;
				CLANG_WARN_OBJC_IMPLICIT_RETAIN_SELF = YES;
				CLANG_WARN_OBJC_LITERAL_CONVERSION = YES;
				CLANG_WARN_OBJC_ROOT_CLASS = YES_ERROR;
				CLANG_WARN_QUOTED_INCLUDE_IN_FRAMEWORK_HEADER = YES;
				CLANG_WARN_RANGE_LOOP_ANALYSIS = YES;
				CLANG_WARN_STRICT_PROTOTYPES = YES;
				CLANG_WARN_SUSPICIOUS_MOVE = YES;
				CLANG_WARN_UNGUARDED_AVAILABILITY = YES_AGGRESSIVE;
				CLANG_WARN_UNREACHABLE_CODE = YES;
				CLANG_WARN__DUPLICATE_METHOD_MATCH = YES;
				COPY_PHASE_STRIP = NO;
				DEBUG_INFORMATION_FORMAT = "dwarf-with-dsym";
				ENABLE_NS_ASSERTIONS = NO;
				ENABLE_STRICT_OBJC_MSGSEND = YES;
				ENABLE_USER_SCRIPT_SANDBOXING = YES;
				GCC_C_LANGUAGE_STANDARD = gnu17;
				GCC_NO_COMMON_BLOCKS = YES;
				GCC_WARN_64_TO_32_BIT_CONVERSION = YES;
				GCC_WARN_ABOUT_RETURN_TYPE = YES_ERROR;
				GCC_WARN_UNDECLARED_SELECTOR = YES;
				GCC_WARN_UNINITIALIZED_AUTOS = YES_AGGRESSIVE;
				GCC_WARN_UNUSED_FUNCTION = YES;
				GCC_WARN_UNUSED_VARIABLE = YES;
				IPHONEOS_DEPLOYMENT_TARGET = 18.0;
				LOCALIZATION_PREFERS_STRING_CATALOGS = YES;
				MTL_ENABLE_DEBUG_INFO = NO;
				MTL_FAST_MATH = YES;
				SDKROOT = iphoneos;
				SWIFT_COMPILATION_MODE = wholemodule;
				VALIDATE_PRODUCT = YES;
			};
			name = Release;
		};
		BA44C8F52CC91263002A16C4 /* Debug */ = {
			isa = XCBuildConfiguration;
			buildSettings = {
				ASSETCATALOG_COMPILER_APPICON_NAME = AppIcon;
				ASSETCATALOG_COMPILER_GLOBAL_ACCENT_COLOR_NAME = AccentColor;
				CODE_SIGN_STYLE = Automatic;
				CURRENT_PROJECT_VERSION = 1;
				DEVELOPMENT_ASSET_PATHS = "\"$(SRCROOT)/Camera POC/􀈚 Resources/Assets.xcassets\"";
				DEVELOPMENT_TEAM = J26VBSX62G;
				ENABLE_PREVIEWS = YES;
				GENERATE_INFOPLIST_FILE = YES;
				INFOPLIST_FILE = "$(SRCROOT)/Camera POC/􀈚 Resources/Camera-POC-Info.plist";
				INFOPLIST_KEY_NSCameraUsageDescription = "For PoC";
				INFOPLIST_KEY_NSPhotoLibraryUsageDescription = "For PoC";
				INFOPLIST_KEY_UIApplicationSupportsIndirectInputEvents = YES;
				INFOPLIST_KEY_UILaunchScreen_Generation = YES;
				INFOPLIST_KEY_UIRequiresFullScreen = NO;
				INFOPLIST_KEY_UISupportedInterfaceOrientations = UIInterfaceOrientationPortrait;
				LD_RUNPATH_SEARCH_PATHS = (
					"$(inherited)",
					"@executable_path/Frameworks",
				);
				MARKETING_VERSION = 1.0;
				PRODUCT_BUNDLE_IDENTIFIER = com.shuzik.camera;
				PRODUCT_NAME = "$(TARGET_NAME)";
				SWIFT_EMIT_LOC_STRINGS = YES;
				SWIFT_VERSION = 5.0;
				TARGETED_DEVICE_FAMILY = "1,2";
			};
			name = Debug;
		};
		BA44C8F62CC91263002A16C4 /* Release */ = {
			isa = XCBuildConfiguration;
			buildSettings = {
				ASSETCATALOG_COMPILER_APPICON_NAME = AppIcon;
				ASSETCATALOG_COMPILER_GLOBAL_ACCENT_COLOR_NAME = AccentColor;
				CODE_SIGN_STYLE = Automatic;
				CURRENT_PROJECT_VERSION = 1;
				DEVELOPMENT_ASSET_PATHS = "\"$(SRCROOT)/Camera POC/􀈚 Resources/Assets.xcassets\"";
				DEVELOPMENT_TEAM = J26VBSX62G;
				ENABLE_PREVIEWS = YES;
				GENERATE_INFOPLIST_FILE = YES;
				INFOPLIST_FILE = "$(SRCROOT)/Camera POC/􀈚 Resources/Camera-POC-Info.plist";
				INFOPLIST_KEY_NSCameraUsageDescription = "For PoC";
				INFOPLIST_KEY_NSPhotoLibraryUsageDescription = "For PoC";
				INFOPLIST_KEY_UIApplicationSupportsIndirectInputEvents = YES;
				INFOPLIST_KEY_UILaunchScreen_Generation = YES;
				INFOPLIST_KEY_UIRequiresFullScreen = NO;
				INFOPLIST_KEY_UISupportedInterfaceOrientations = UIInterfaceOrientationPortrait;
				LD_RUNPATH_SEARCH_PATHS = (
					"$(inherited)",
					"@executable_path/Frameworks",
				);
				MARKETING_VERSION = 1.0;
				PRODUCT_BUNDLE_IDENTIFIER = com.shuzik.camera;
				PRODUCT_NAME = "$(TARGET_NAME)";
				SWIFT_EMIT_LOC_STRINGS = YES;
				SWIFT_VERSION = 5.0;
				TARGETED_DEVICE_FAMILY = "1,2";
			};
			name = Release;
		};
		BAB8A1A82CC936C5005BD6EC /* Debug */ = {
			isa = XCBuildConfiguration;
			buildSettings = {
				ASSETCATALOG_COMPILER_APPICON_NAME = AppIcon;
				ASSETCATALOG_COMPILER_GLOBAL_ACCENT_COLOR_NAME = AccentColor;
				CODE_SIGN_STYLE = Automatic;
				CURRENT_PROJECT_VERSION = 1;
				DEVELOPMENT_ASSET_PATHS = "\"$(SRCROOT)/Camera Watch POC/􀈚 Resources/Assets.xcassets\"";
				DEVELOPMENT_TEAM = J26VBSX62G;
				ENABLE_PREVIEWS = YES;
				GENERATE_INFOPLIST_FILE = YES;
				INFOPLIST_FILE = "$(SRCROOT)/Camera Watch POC/􀈚 Resources/Camera-Watch-POC-Info.plist";
				INFOPLIST_KEY_CFBundleDisplayName = "Camera Watch PoC";
				INFOPLIST_KEY_UISupportedInterfaceOrientations = "UIInterfaceOrientationPortrait UIInterfaceOrientationPortraitUpsideDown";
				INFOPLIST_KEY_WKCompanionAppBundleIdentifier = com.applica.poc;
				LD_RUNPATH_SEARCH_PATHS = (
					"$(inherited)",
					"@executable_path/Frameworks",
				);
				MARKETING_VERSION = 1.0;
				PRODUCT_BUNDLE_IDENTIFIER = com.shuzik.camera.watch;
				PRODUCT_NAME = "$(TARGET_NAME)";
				SDKROOT = watchos;
				SKIP_INSTALL = YES;
				SWIFT_EMIT_LOC_STRINGS = YES;
				SWIFT_VERSION = 5.0;
				TARGETED_DEVICE_FAMILY = 4;
				WATCHOS_DEPLOYMENT_TARGET = 11.0;
			};
			name = Debug;
		};
		BAB8A1A92CC936C5005BD6EC /* Release */ = {
			isa = XCBuildConfiguration;
			buildSettings = {
				ASSETCATALOG_COMPILER_APPICON_NAME = AppIcon;
				ASSETCATALOG_COMPILER_GLOBAL_ACCENT_COLOR_NAME = AccentColor;
				CODE_SIGN_STYLE = Automatic;
				CURRENT_PROJECT_VERSION = 1;
				DEVELOPMENT_ASSET_PATHS = "\"$(SRCROOT)/Camera Watch POC/􀈚 Resources/Assets.xcassets\"";
				DEVELOPMENT_TEAM = J26VBSX62G;
				ENABLE_PREVIEWS = YES;
				GENERATE_INFOPLIST_FILE = YES;
				INFOPLIST_FILE = "$(SRCROOT)/Camera Watch POC/􀈚 Resources/Camera-Watch-POC-Info.plist";
				INFOPLIST_KEY_CFBundleDisplayName = "Camera Watch PoC";
				INFOPLIST_KEY_UISupportedInterfaceOrientations = "UIInterfaceOrientationPortrait UIInterfaceOrientationPortraitUpsideDown";
				INFOPLIST_KEY_WKCompanionAppBundleIdentifier = com.applica.poc;
				LD_RUNPATH_SEARCH_PATHS = (
					"$(inherited)",
					"@executable_path/Frameworks",
				);
				MARKETING_VERSION = 1.0;
				PRODUCT_BUNDLE_IDENTIFIER = com.shuzik.camera.watch;
				PRODUCT_NAME = "$(TARGET_NAME)";
				SDKROOT = watchos;
				SKIP_INSTALL = YES;
				SWIFT_EMIT_LOC_STRINGS = YES;
				SWIFT_VERSION = 5.0;
				TARGETED_DEVICE_FAMILY = 4;
				WATCHOS_DEPLOYMENT_TARGET = 11.0;
			};
			name = Release;
		};
/* End XCBuildConfiguration section */

/* Begin XCConfigurationList section */
		BA44C8E12CC91262002A16C4 /* Build configuration list for PBXProject "Camera POC" */ = {
			isa = XCConfigurationList;
			buildConfigurations = (
				BA44C8F22CC91263002A16C4 /* Debug */,
				BA44C8F32CC91263002A16C4 /* Release */,
			);
			defaultConfigurationIsVisible = 0;
			defaultConfigurationName = Release;
		};
		BA44C8F42CC91263002A16C4 /* Build configuration list for PBXNativeTarget "Camera POC" */ = {
			isa = XCConfigurationList;
			buildConfigurations = (
				BA44C8F52CC91263002A16C4 /* Debug */,
				BA44C8F62CC91263002A16C4 /* Release */,
			);
			defaultConfigurationIsVisible = 0;
			defaultConfigurationName = Release;
		};
		BAB8A1A72CC936C5005BD6EC /* Build configuration list for PBXNativeTarget "Camera Watch POC" */ = {
			isa = XCConfigurationList;
			buildConfigurations = (
				BAB8A1A82CC936C5005BD6EC /* Debug */,
				BAB8A1A92CC936C5005BD6EC /* Release */,
			);
			defaultConfigurationIsVisible = 0;
			defaultConfigurationName = Release;
		};
/* End XCConfigurationList section */
	};
	rootObject = BA44C8DE2CC91262002A16C4 /* Project object */;
}
