// !$*UTF8*$!
{
	archiveVersion = 1;
	classes = {
	};
	objectVersion = 56;
	objects = {

/* Begin PBXBuildFile section */
		BA93667D2BEE1CCC00B93F90 /* SimpleCodeApp.swift in Sources */ = {isa = PBXBuildFile; fileRef = BA93667C2BEE1CCC00B93F90 /* SimpleCodeApp.swift */; };
		BA93667F2BEE1CCC00B93F90 /* HelloView.swift in Sources */ = {isa = PBXBuildFile; fileRef = BA93667E2BEE1CCC00B93F90 /* HelloView.swift */; };
		BA9366832BEE1CCD00B93F90 /* Assets.xcassets in Resources */ = {isa = PBXBuildFile; fileRef = BA9366822BEE1CCD00B93F90 /* Assets.xcassets */; };
		BA9366872BEE1CCD00B93F90 /* Preview Assets.xcassets in Resources */ = {isa = PBXBuildFile; fileRef = BA9366862BEE1CCD00B93F90 /* Preview Assets.xcassets */; };
		BA9366912BEE1CCD00B93F90 /* SimpleCodeTests.swift in Sources */ = {isa = PBXBuildFile; fileRef = BA9366902BEE1CCD00B93F90 /* SimpleCodeTests.swift */; };
		BA93669B2BEE1CCD00B93F90 /* SimpleCodeUITests.swift in Sources */ = {isa = PBXBuildFile; fileRef = BA93669A2BEE1CCD00B93F90 /* SimpleCodeUITests.swift */; };
		BA93669D2BEE1CCD00B93F90 /* SimpleCodeUITestsLaunchTests.swift in Sources */ = {isa = PBXBuildFile; fileRef = BA93669C2BEE1CCD00B93F90 /* SimpleCodeUITestsLaunchTests.swift */; };
		BA9366AA2BEE1D0B00B93F90 /* ImgeTextView.swift in Sources */ = {isa = PBXBuildFile; fileRef = BA9366A92BEE1D0B00B93F90 /* ImgeTextView.swift */; };
		BAD45A232C0CC59800293F18 /* ProgressChart.swift in Sources */ = {isa = PBXBuildFile; fileRef = BAD45A222C0CC59800293F18 /* ProgressChart.swift */; };
/* End PBXBuildFile section */

/* Begin PBXContainerItemProxy section */
		BA93668D2BEE1CCD00B93F90 /* PBXContainerItemProxy */ = {
			isa = PBXContainerItemProxy;
			containerPortal = BA9366712BEE1CCC00B93F90 /* Project object */;
			proxyType = 1;
			remoteGlobalIDString = BA9366782BEE1CCC00B93F90;
			remoteInfo = NoSkill;
		};
		BA9366972BEE1CCD00B93F90 /* PBXContainerItemProxy */ = {
			isa = PBXContainerItemProxy;
			containerPortal = BA9366712BEE1CCC00B93F90 /* Project object */;
			proxyType = 1;
			remoteGlobalIDString = BA9366782BEE1CCC00B93F90;
			remoteInfo = NoSkill;
		};
/* End PBXContainerItemProxy section */

/* Begin PBXFileReference section */
		BA9366792BEE1CCC00B93F90 /* SimpleCode.app */ = {isa = PBXFileReference; explicitFileType = wrapper.application; includeInIndex = 0; path = SimpleCode.app; sourceTree = BUILT_PRODUCTS_DIR; };
		BA93667C2BEE1CCC00B93F90 /* SimpleCodeApp.swift */ = {isa = PBXFileReference; lastKnownFileType = sourcecode.swift; path = SimpleCodeApp.swift; sourceTree = "<group>"; };
		BA93667E2BEE1CCC00B93F90 /* HelloView.swift */ = {isa = PBXFileReference; lastKnownFileType = sourcecode.swift; path = HelloView.swift; sourceTree = "<group>"; };
		BA9366822BEE1CCD00B93F90 /* Assets.xcassets */ = {isa = PBXFileReference; lastKnownFileType = folder.assetcatalog; path = Assets.xcassets; sourceTree = "<group>"; };
		BA9366842BEE1CCD00B93F90 /* SimpleCode.entitlements */ = {isa = PBXFileReference; lastKnownFileType = text.plist.entitlements; path = SimpleCode.entitlements; sourceTree = "<group>"; };
		BA9366862BEE1CCD00B93F90 /* Preview Assets.xcassets */ = {isa = PBXFileReference; lastKnownFileType = folder.assetcatalog; path = "Preview Assets.xcassets"; sourceTree = "<group>"; };
		BA93668C2BEE1CCD00B93F90 /* SimpleCodeTests.xctest */ = {isa = PBXFileReference; explicitFileType = wrapper.cfbundle; includeInIndex = 0; path = SimpleCodeTests.xctest; sourceTree = BUILT_PRODUCTS_DIR; };
		BA9366902BEE1CCD00B93F90 /* SimpleCodeTests.swift */ = {isa = PBXFileReference; lastKnownFileType = sourcecode.swift; path = SimpleCodeTests.swift; sourceTree = "<group>"; };
		BA9366962BEE1CCD00B93F90 /* SimpleCodeUITests.xctest */ = {isa = PBXFileReference; explicitFileType = wrapper.cfbundle; includeInIndex = 0; path = SimpleCodeUITests.xctest; sourceTree = BUILT_PRODUCTS_DIR; };
		BA93669A2BEE1CCD00B93F90 /* SimpleCodeUITests.swift */ = {isa = PBXFileReference; lastKnownFileType = sourcecode.swift; path = SimpleCodeUITests.swift; sourceTree = "<group>"; };
		BA93669C2BEE1CCD00B93F90 /* SimpleCodeUITestsLaunchTests.swift */ = {isa = PBXFileReference; lastKnownFileType = sourcecode.swift; path = SimpleCodeUITestsLaunchTests.swift; sourceTree = "<group>"; };
		BA9366A92BEE1D0B00B93F90 /* ImgeTextView.swift */ = {isa = PBXFileReference; lastKnownFileType = sourcecode.swift; path = ImgeTextView.swift; sourceTree = "<group>"; };
		BAD45A222C0CC59800293F18 /* ProgressChart.swift */ = {isa = PBXFileReference; lastKnownFileType = sourcecode.swift; path = ProgressChart.swift; sourceTree = "<group>"; };
/* End PBXFileReference section */

/* Begin PBXFrameworksBuildPhase section */
		BA9366762BEE1CCC00B93F90 /* Frameworks */ = {
			isa = PBXFrameworksBuildPhase;
			buildActionMask = 2147483647;
			files = (
			);
			runOnlyForDeploymentPostprocessing = 0;
		};
		BA9366892BEE1CCD00B93F90 /* Frameworks */ = {
			isa = PBXFrameworksBuildPhase;
			buildActionMask = 2147483647;
			files = (
			);
			runOnlyForDeploymentPostprocessing = 0;
		};
		BA9366932BEE1CCD00B93F90 /* Frameworks */ = {
			isa = PBXFrameworksBuildPhase;
			buildActionMask = 2147483647;
			files = (
			);
			runOnlyForDeploymentPostprocessing = 0;
		};
/* End PBXFrameworksBuildPhase section */

/* Begin PBXGroup section */
		BA9366702BEE1CCC00B93F90 = {
			isa = PBXGroup;
			children = (
				BA93667B2BEE1CCC00B93F90 /* SimpleCode */,
				BA93668F2BEE1CCD00B93F90 /* SimpleCodeTests */,
				BA9366992BEE1CCD00B93F90 /* SimpleCodeUITests */,
				BA93667A2BEE1CCC00B93F90 /* Products */,
			);
			sourceTree = "<group>";
		};
		BA93667A2BEE1CCC00B93F90 /* Products */ = {
			isa = PBXGroup;
			children = (
				BA9366792BEE1CCC00B93F90 /* SimpleCode.app */,
				BA93668C2BEE1CCD00B93F90 /* SimpleCodeTests.xctest */,
				BA9366962BEE1CCD00B93F90 /* SimpleCodeUITests.xctest */,
			);
			name = Products;
			sourceTree = "<group>";
		};
		BA93667B2BEE1CCC00B93F90 /* SimpleCode */ = {
			isa = PBXGroup;
			children = (
				BA93667C2BEE1CCC00B93F90 /* SimpleCodeApp.swift */,
				BA93667E2BEE1CCC00B93F90 /* HelloView.swift */,
				BA9366A92BEE1D0B00B93F90 /* ImgeTextView.swift */,
				BAD45A222C0CC59800293F18 /* ProgressChart.swift */,
				BA9366822BEE1CCD00B93F90 /* Assets.xcassets */,
				BA9366842BEE1CCD00B93F90 /* SimpleCode.entitlements */,
				BA9366852BEE1CCD00B93F90 /* Preview Content */,
			);
			path = SimpleCode;
			sourceTree = "<group>";
		};
		BA9366852BEE1CCD00B93F90 /* Preview Content */ = {
			isa = PBXGroup;
			children = (
				BA9366862BEE1CCD00B93F90 /* Preview Assets.xcassets */,
			);
			path = "Preview Content";
			sourceTree = "<group>";
		};
		BA93668F2BEE1CCD00B93F90 /* SimpleCodeTests */ = {
			isa = PBXGroup;
			children = (
				BA9366902BEE1CCD00B93F90 /* SimpleCodeTests.swift */,
			);
			path = SimpleCodeTests;
			sourceTree = "<group>";
		};
		BA9366992BEE1CCD00B93F90 /* SimpleCodeUITests */ = {
			isa = PBXGroup;
			children = (
				BA93669A2BEE1CCD00B93F90 /* SimpleCodeUITests.swift */,
				BA93669C2BEE1CCD00B93F90 /* SimpleCodeUITestsLaunchTests.swift */,
			);
			path = SimpleCodeUITests;
			sourceTree = "<group>";
		};
/* End PBXGroup section */

/* Begin PBXNativeTarget section */
		BA9366782BEE1CCC00B93F90 /* SimpleCode */ = {
			isa = PBXNativeTarget;
			buildConfigurationList = BA9366A02BEE1CCD00B93F90 /* Build configuration list for PBXNativeTarget "SimpleCode" */;
			buildPhases = (
				BA9366752BEE1CCC00B93F90 /* Sources */,
				BA9366762BEE1CCC00B93F90 /* Frameworks */,
				BA9366772BEE1CCC00B93F90 /* Resources */,
			);
			buildRules = (
			);
			dependencies = (
			);
			name = SimpleCode;
			productName = NoSkill;
			productReference = BA9366792BEE1CCC00B93F90 /* SimpleCode.app */;
			productType = "com.apple.product-type.application";
		};
		BA93668B2BEE1CCD00B93F90 /* SimpleCodeTests */ = {
			isa = PBXNativeTarget;
			buildConfigurationList = BA9366A32BEE1CCD00B93F90 /* Build configuration list for PBXNativeTarget "SimpleCodeTests" */;
			buildPhases = (
				BA9366882BEE1CCD00B93F90 /* Sources */,
				BA9366892BEE1CCD00B93F90 /* Frameworks */,
				BA93668A2BEE1CCD00B93F90 /* Resources */,
			);
			buildRules = (
			);
			dependencies = (
				BA93668E2BEE1CCD00B93F90 /* PBXTargetDependency */,
			);
			name = SimpleCodeTests;
			productName = NoSkillTests;
			productReference = BA93668C2BEE1CCD00B93F90 /* SimpleCodeTests.xctest */;
			productType = "com.apple.product-type.bundle.unit-test";
		};
		BA9366952BEE1CCD00B93F90 /* SimpleCodeUITests */ = {
			isa = PBXNativeTarget;
			buildConfigurationList = BA9366A62BEE1CCD00B93F90 /* Build configuration list for PBXNativeTarget "SimpleCodeUITests" */;
			buildPhases = (
				BA9366922BEE1CCD00B93F90 /* Sources */,
				BA9366932BEE1CCD00B93F90 /* Frameworks */,
				BA9366942BEE1CCD00B93F90 /* Resources */,
			);
			buildRules = (
			);
			dependencies = (
				BA9366982BEE1CCD00B93F90 /* PBXTargetDependency */,
			);
			name = SimpleCodeUITests;
			productName = NoSkillUITests;
			productReference = BA9366962BEE1CCD00B93F90 /* SimpleCodeUITests.xctest */;
			productType = "com.apple.product-type.bundle.ui-testing";
		};
/* End PBXNativeTarget section */

/* Begin PBXProject section */
		BA9366712BEE1CCC00B93F90 /* Project object */ = {
			isa = PBXProject;
			attributes = {
				BuildIndependentTargetsInParallel = 1;
				LastSwiftUpdateCheck = 1520;
				LastUpgradeCheck = 1520;
				TargetAttributes = {
					BA9366782BEE1CCC00B93F90 = {
						CreatedOnToolsVersion = 15.2;
					};
					BA93668B2BEE1CCD00B93F90 = {
						CreatedOnToolsVersion = 15.2;
						TestTargetID = BA9366782BEE1CCC00B93F90;
					};
					BA9366952BEE1CCD00B93F90 = {
						CreatedOnToolsVersion = 15.2;
						TestTargetID = BA9366782BEE1CCC00B93F90;
					};
				};
			};
			buildConfigurationList = BA9366742BEE1CCC00B93F90 /* Build configuration list for PBXProject "SimpleCode" */;
			compatibilityVersion = "Xcode 14.0";
			developmentRegion = en;
			hasScannedForEncodings = 0;
			knownRegions = (
				en,
				Base,
			);
			mainGroup = BA9366702BEE1CCC00B93F90;
			productRefGroup = BA93667A2BEE1CCC00B93F90 /* Products */;
			projectDirPath = "";
			projectRoot = "";
			targets = (
				BA9366782BEE1CCC00B93F90 /* SimpleCode */,
				BA93668B2BEE1CCD00B93F90 /* SimpleCodeTests */,
				BA9366952BEE1CCD00B93F90 /* SimpleCodeUITests */,
			);
		};
/* End PBXProject section */

/* Begin PBXResourcesBuildPhase section */
		BA9366772BEE1CCC00B93F90 /* Resources */ = {
			isa = PBXResourcesBuildPhase;
			buildActionMask = 2147483647;
			files = (
				BA9366872BEE1CCD00B93F90 /* Preview Assets.xcassets in Resources */,
				BA9366832BEE1CCD00B93F90 /* Assets.xcassets in Resources */,
			);
			runOnlyForDeploymentPostprocessing = 0;
		};
		BA93668A2BEE1CCD00B93F90 /* Resources */ = {
			isa = PBXResourcesBuildPhase;
			buildActionMask = 2147483647;
			files = (
			);
			runOnlyForDeploymentPostprocessing = 0;
		};
		BA9366942BEE1CCD00B93F90 /* Resources */ = {
			isa = PBXResourcesBuildPhase;
			buildActionMask = 2147483647;
			files = (
			);
			runOnlyForDeploymentPostprocessing = 0;
		};
/* End PBXResourcesBuildPhase section */

/* Begin PBXSourcesBuildPhase section */
		BA9366752BEE1CCC00B93F90 /* Sources */ = {
			isa = PBXSourcesBuildPhase;
			buildActionMask = 2147483647;
			files = (
				BA93667F2BEE1CCC00B93F90 /* HelloView.swift in Sources */,
				BA9366AA2BEE1D0B00B93F90 /* ImgeTextView.swift in Sources */,
				BAD45A232C0CC59800293F18 /* ProgressChart.swift in Sources */,
				BA93667D2BEE1CCC00B93F90 /* SimpleCodeApp.swift in Sources */,
			);
			runOnlyForDeploymentPostprocessing = 0;
		};
		BA9366882BEE1CCD00B93F90 /* Sources */ = {
			isa = PBXSourcesBuildPhase;
			buildActionMask = 2147483647;
			files = (
				BA9366912BEE1CCD00B93F90 /* SimpleCodeTests.swift in Sources */,
			);
			runOnlyForDeploymentPostprocessing = 0;
		};
		BA9366922BEE1CCD00B93F90 /* Sources */ = {
			isa = PBXSourcesBuildPhase;
			buildActionMask = 2147483647;
			files = (
				BA93669B2BEE1CCD00B93F90 /* SimpleCodeUITests.swift in Sources */,
				BA93669D2BEE1CCD00B93F90 /* SimpleCodeUITestsLaunchTests.swift in Sources */,
			);
			runOnlyForDeploymentPostprocessing = 0;
		};
/* End PBXSourcesBuildPhase section */

/* Begin PBXTargetDependency section */
		BA93668E2BEE1CCD00B93F90 /* PBXTargetDependency */ = {
			isa = PBXTargetDependency;
			target = BA9366782BEE1CCC00B93F90 /* SimpleCode */;
			targetProxy = BA93668D2BEE1CCD00B93F90 /* PBXContainerItemProxy */;
		};
		BA9366982BEE1CCD00B93F90 /* PBXTargetDependency */ = {
			isa = PBXTargetDependency;
			target = BA9366782BEE1CCC00B93F90 /* SimpleCode */;
			targetProxy = BA9366972BEE1CCD00B93F90 /* PBXContainerItemProxy */;
		};
/* End PBXTargetDependency section */

/* Begin XCBuildConfiguration section */
		BA93669E2BEE1CCD00B93F90 /* Debug */ = {
			isa = XCBuildConfiguration;
			buildSettings = {
				ALWAYS_SEARCH_USER_PATHS = NO;
				ASSETCATALOG_COMPILER_GENERATE_SWIFT_ASSET_SYMBOL_EXTENSIONS = YES;
				CLANG_ANALYZER_NONNULL = YES;
				CLANG_ANALYZER_NUMBER_OBJECT_CONVERSION = YES_AGGRESSIVE;
				CLANG_CXX_LANGUAGE_STANDARD = "gnu++20";
				CLANG_ENABLE_MODULES = YES;
				CLANG_ENABLE_OBJC_ARC = YES;
				CLANG_ENABLE_OBJC_WEAK = YES;
				CLANG_WARN_BLOCK_CAPTURE_AUTORELEASING = YES;
				CLANG_WARN_BOOL_CONVERSION = YES;
				CLANG_WARN_COMMA = YES;
				CLANG_WARN_CONSTANT_CONVERSION = YES;
				CLANG_WARN_DEPRECATED_OBJC_IMPLEMENTATIONS = YES;
				CLANG_WARN_DIRECT_OBJC_ISA_USAGE = YES_ERROR;
				CLANG_WARN_DOCUMENTATION_COMMENTS = YES;
				CLANG_WARN_EMPTY_BODY = YES;
				CLANG_WARN_ENUM_CONVERSION = YES;
				CLANG_WARN_INFINITE_RECURSION = YES;
				CLANG_WARN_INT_CONVERSION = YES;
				CLANG_WARN_NON_LITERAL_NULL_CONVERSION = YES;
				CLANG_WARN_OBJC_IMPLICIT_RETAIN_SELF = YES;
				CLANG_WARN_OBJC_LITERAL_CONVERSION = YES;
				CLANG_WARN_OBJC_ROOT_CLASS = YES_ERROR;
				CLANG_WARN_QUOTED_INCLUDE_IN_FRAMEWORK_HEADER = YES;
				CLANG_WARN_RANGE_LOOP_ANALYSIS = YES;
				CLANG_WARN_STRICT_PROTOTYPES = YES;
				CLANG_WARN_SUSPICIOUS_MOVE = YES;
				CLANG_WARN_UNGUARDED_AVAILABILITY = YES_AGGRESSIVE;
				CLANG_WARN_UNREACHABLE_CODE = YES;
				CLANG_WARN__DUPLICATE_METHOD_MATCH = YES;
				COPY_PHASE_STRIP = NO;
				DEBUG_INFORMATION_FORMAT = dwarf;
				ENABLE_STRICT_OBJC_MSGSEND = YES;
				ENABLE_TESTABILITY = YES;
				ENABLE_USER_SCRIPT_SANDBOXING = YES;
				GCC_C_LANGUAGE_STANDARD = gnu17;
				GCC_DYNAMIC_NO_PIC = NO;
				GCC_NO_COMMON_BLOCKS = YES;
				GCC_OPTIMIZATION_LEVEL = 0;
				GCC_PREPROCESSOR_DEFINITIONS = (
					"DEBUG=1",
					"$(inherited)",
				);
				GCC_WARN_64_TO_32_BIT_CONVERSION = YES;
				GCC_WARN_ABOUT_RETURN_TYPE = YES_ERROR;
				GCC_WARN_UNDECLARED_SELECTOR = YES;
				GCC_WARN_UNINITIALIZED_AUTOS = YES_AGGRESSIVE;
				GCC_WARN_UNUSED_FUNCTION = YES;
				GCC_WARN_UNUSED_VARIABLE = YES;
				LOCALIZATION_PREFERS_STRING_CATALOGS = YES;
				MTL_ENABLE_DEBUG_INFO = INCLUDE_SOURCE;
				MTL_FAST_MATH = YES;
				ONLY_ACTIVE_ARCH = YES;
				SWIFT_ACTIVE_COMPILATION_CONDITIONS = "DEBUG $(inherited)";
				SWIFT_OPTIMIZATION_LEVEL = "-Onone";
			};
			name = Debug;
		};
		BA93669F2BEE1CCD00B93F90 /* Release */ = {
			isa = XCBuildConfiguration;
			buildSettings = {
				ALWAYS_SEARCH_USER_PATHS = NO;
				ASSETCATALOG_COMPILER_GENERATE_SWIFT_ASSET_SYMBOL_EXTENSIONS = YES;
				CLANG_ANALYZER_NONNULL = YES;
				CLANG_ANALYZER_NUMBER_OBJECT_CONVERSION = YES_AGGRESSIVE;
				CLANG_CXX_LANGUAGE_STANDARD = "gnu++20";
				CLANG_ENABLE_MODULES = YES;
				CLANG_ENABLE_OBJC_ARC = YES;
				CLANG_ENABLE_OBJC_WEAK = YES;
				CLANG_WARN_BLOCK_CAPTURE_AUTORELEASING = YES;
				CLANG_WARN_BOOL_CONVERSION = YES;
				CLANG_WARN_COMMA = YES;
				CLANG_WARN_CONSTANT_CONVERSION = YES;
				CLANG_WARN_DEPRECATED_OBJC_IMPLEMENTATIONS = YES;
				CLANG_WARN_DIRECT_OBJC_ISA_USAGE = YES_ERROR;
				CLANG_WARN_DOCUMENTATION_COMMENTS = YES;
				CLANG_WARN_EMPTY_BODY = YES;
				CLANG_WARN_ENUM_CONVERSION = YES;
				CLANG_WARN_INFINITE_RECURSION = YES;
				CLANG_WARN_INT_CONVERSION = YES;
				CLANG_WARN_NON_LITERAL_NULL_CONVERSION = YES;
				CLANG_WARN_OBJC_IMPLICIT_RETAIN_SELF = YES;
				CLANG_WARN_OBJC_LITERAL_CONVERSION = YES;
				CLANG_WARN_OBJC_ROOT_CLASS = YES_ERROR;
				CLANG_WARN_QUOTED_INCLUDE_IN_FRAMEWORK_HEADER = YES;
				CLANG_WARN_RANGE_LOOP_ANALYSIS = YES;
				CLANG_WARN_STRICT_PROTOTYPES = YES;
				CLANG_WARN_SUSPICIOUS_MOVE = YES;
				CLANG_WARN_UNGUARDED_AVAILABILITY = YES_AGGRESSIVE;
				CLANG_WARN_UNREACHABLE_CODE = YES;
				CLANG_WARN__DUPLICATE_METHOD_MATCH = YES;
				COPY_PHASE_STRIP = NO;
				DEBUG_INFORMATION_FORMAT = "dwarf-with-dsym";
				ENABLE_NS_ASSERTIONS = NO;
				ENABLE_STRICT_OBJC_MSGSEND = YES;
				ENABLE_USER_SCRIPT_SANDBOXING = YES;
				GCC_C_LANGUAGE_STANDARD = gnu17;
				GCC_NO_COMMON_BLOCKS = YES;
				GCC_WARN_64_TO_32_BIT_CONVERSION = YES;
				GCC_WARN_ABOUT_RETURN_TYPE = YES_ERROR;
				GCC_WARN_UNDECLARED_SELECTOR = YES;
				GCC_WARN_UNINITIALIZED_AUTOS = YES_AGGRESSIVE;
				GCC_WARN_UNUSED_FUNCTION = YES;
				GCC_WARN_UNUSED_VARIABLE = YES;
				LOCALIZATION_PREFERS_STRING_CATALOGS = YES;
				MTL_ENABLE_DEBUG_INFO = NO;
				MTL_FAST_MATH = YES;
				SWIFT_COMPILATION_MODE = wholemodule;
			};
			name = Release;
		};
		BA9366A12BEE1CCD00B93F90 /* Debug */ = {
			isa = XCBuildConfiguration;
			buildSettings = {
				ASSETCATALOG_COMPILER_APPICON_NAME = AppIcon;
				ASSETCATALOG_COMPILER_GLOBAL_ACCENT_COLOR_NAME = AccentColor;
				CODE_SIGN_ENTITLEMENTS = SimpleCode/SimpleCode.entitlements;
				CODE_SIGN_STYLE = Automatic;
				CURRENT_PROJECT_VERSION = 1;
				DEVELOPMENT_ASSET_PATHS = "\"SimpleCode/Preview Content\"";
				DEVELOPMENT_TEAM = 42S7J6AXED;
				ENABLE_HARDENED_RUNTIME = YES;
				ENABLE_PREVIEWS = YES;
				GENERATE_INFOPLIST_FILE = YES;
				"INFOPLIST_KEY_UIApplicationSceneManifest_Generation[sdk=iphoneos*]" = YES;
				"INFOPLIST_KEY_UIApplicationSceneManifest_Generation[sdk=iphonesimulator*]" = YES;
				"INFOPLIST_KEY_UIApplicationSupportsIndirectInputEvents[sdk=iphoneos*]" = YES;
				"INFOPLIST_KEY_UIApplicationSupportsIndirectInputEvents[sdk=iphonesimulator*]" = YES;
				"INFOPLIST_KEY_UILaunchScreen_Generation[sdk=iphoneos*]" = YES;
				"INFOPLIST_KEY_UILaunchScreen_Generation[sdk=iphonesimulator*]" = YES;
				"INFOPLIST_KEY_UIStatusBarStyle[sdk=iphoneos*]" = UIStatusBarStyleDefault;
				"INFOPLIST_KEY_UIStatusBarStyle[sdk=iphonesimulator*]" = UIStatusBarStyleDefault;
				INFOPLIST_KEY_UISupportedInterfaceOrientations_iPad = "UIInterfaceOrientationPortrait UIInterfaceOrientationPortraitUpsideDown UIInterfaceOrientationLandscapeLeft UIInterfaceOrientationLandscapeRight";
				INFOPLIST_KEY_UISupportedInterfaceOrientations_iPhone = "UIInterfaceOrientationPortrait UIInterfaceOrientationLandscapeLeft UIInterfaceOrientationLandscapeRight";
				IPHONEOS_DEPLOYMENT_TARGET = 17.2;
				LD_RUNPATH_SEARCH_PATHS = "@executable_path/Frameworks";
				"LD_RUNPATH_SEARCH_PATHS[sdk=macosx*]" = "@executable_path/../Frameworks";
				MACOSX_DEPLOYMENT_TARGET = 14.0;
				MARKETING_VERSION = 1.0;
				PRODUCT_BUNDLE_IDENTIFIER = com.ShuZik.NoSkill;
				PRODUCT_NAME = "$(TARGET_NAME)";
				SDKROOT = auto;
				SUPPORTED_PLATFORMS = "iphoneos iphonesimulator macosx";
				SWIFT_EMIT_LOC_STRINGS = YES;
				SWIFT_VERSION = 5.0;
				TARGETED_DEVICE_FAMILY = "1,2";
			};
			name = Debug;
		};
		BA9366A22BEE1CCD00B93F90 /* Release */ = {
			isa = XCBuildConfiguration;
			buildSettings = {
				ASSETCATALOG_COMPILER_APPICON_NAME = AppIcon;
				ASSETCATALOG_COMPILER_GLOBAL_ACCENT_COLOR_NAME = AccentColor;
				CODE_SIGN_ENTITLEMENTS = SimpleCode/SimpleCode.entitlements;
				CODE_SIGN_STYLE = Automatic;
				CURRENT_PROJECT_VERSION = 1;
				DEVELOPMENT_ASSET_PATHS = "\"SimpleCode/Preview Content\"";
				DEVELOPMENT_TEAM = 42S7J6AXED;
				ENABLE_HARDENED_RUNTIME = YES;
				ENABLE_PREVIEWS = YES;
				GENERATE_INFOPLIST_FILE = YES;
				"INFOPLIST_KEY_UIApplicationSceneManifest_Generation[sdk=iphoneos*]" = YES;
				"INFOPLIST_KEY_UIApplicationSceneManifest_Generation[sdk=iphonesimulator*]" = YES;
				"INFOPLIST_KEY_UIApplicationSupportsIndirectInputEvents[sdk=iphoneos*]" = YES;
				"INFOPLIST_KEY_UIApplicationSupportsIndirectInputEvents[sdk=iphonesimulator*]" = YES;
				"INFOPLIST_KEY_UILaunchScreen_Generation[sdk=iphoneos*]" = YES;
				"INFOPLIST_KEY_UILaunchScreen_Generation[sdk=iphonesimulator*]" = YES;
				"INFOPLIST_KEY_UIStatusBarStyle[sdk=iphoneos*]" = UIStatusBarStyleDefault;
				"INFOPLIST_KEY_UIStatusBarStyle[sdk=iphonesimulator*]" = UIStatusBarStyleDefault;
				INFOPLIST_KEY_UISupportedInterfaceOrientations_iPad = "UIInterfaceOrientationPortrait UIInterfaceOrientationPortraitUpsideDown UIInterfaceOrientationLandscapeLeft UIInterfaceOrientationLandscapeRight";
				INFOPLIST_KEY_UISupportedInterfaceOrientations_iPhone = "UIInterfaceOrientationPortrait UIInterfaceOrientationLandscapeLeft UIInterfaceOrientationLandscapeRight";
				IPHONEOS_DEPLOYMENT_TARGET = 17.2;
				LD_RUNPATH_SEARCH_PATHS = "@executable_path/Frameworks";
				"LD_RUNPATH_SEARCH_PATHS[sdk=macosx*]" = "@executable_path/../Frameworks";
				MACOSX_DEPLOYMENT_TARGET = 14.0;
				MARKETING_VERSION = 1.0;
				PRODUCT_BUNDLE_IDENTIFIER = com.ShuZik.NoSkill;
				PRODUCT_NAME = "$(TARGET_NAME)";
				SDKROOT = auto;
				SUPPORTED_PLATFORMS = "iphoneos iphonesimulator macosx";
				SWIFT_EMIT_LOC_STRINGS = YES;
				SWIFT_VERSION = 5.0;
				TARGETED_DEVICE_FAMILY = "1,2";
			};
			name = Release;
		};
		BA9366A42BEE1CCD00B93F90 /* Debug */ = {
			isa = XCBuildConfiguration;
			buildSettings = {
				ALWAYS_EMBED_SWIFT_STANDARD_LIBRARIES = YES;
				BUNDLE_LOADER = "$(TEST_HOST)";
				CODE_SIGN_STYLE = Automatic;
				CURRENT_PROJECT_VERSION = 1;
				DEVELOPMENT_TEAM = 42S7J6AXED;
				GENERATE_INFOPLIST_FILE = YES;
				IPHONEOS_DEPLOYMENT_TARGET = 17.2;
				MACOSX_DEPLOYMENT_TARGET = 14.2;
				MARKETING_VERSION = 1.0;
				PRODUCT_BUNDLE_IDENTIFIER = com.ShuZik.NoSkillTests;
				PRODUCT_NAME = "$(TARGET_NAME)";
				SDKROOT = auto;
				SUPPORTED_PLATFORMS = "iphoneos iphonesimulator macosx";
				SWIFT_EMIT_LOC_STRINGS = NO;
				SWIFT_VERSION = 5.0;
				TARGETED_DEVICE_FAMILY = "1,2";
				TEST_HOST = "$(BUILT_PRODUCTS_DIR)/SimpleCode.app/$(BUNDLE_EXECUTABLE_FOLDER_PATH)/SimpleCode";
			};
			name = Debug;
		};
		BA9366A52BEE1CCD00B93F90 /* Release */ = {
			isa = XCBuildConfiguration;
			buildSettings = {
				ALWAYS_EMBED_SWIFT_STANDARD_LIBRARIES = YES;
				BUNDLE_LOADER = "$(TEST_HOST)";
				CODE_SIGN_STYLE = Automatic;
				CURRENT_PROJECT_VERSION = 1;
				DEVELOPMENT_TEAM = 42S7J6AXED;
				GENERATE_INFOPLIST_FILE = YES;
				IPHONEOS_DEPLOYMENT_TARGET = 17.2;
				MACOSX_DEPLOYMENT_TARGET = 14.2;
				MARKETING_VERSION = 1.0;
				PRODUCT_BUNDLE_IDENTIFIER = com.ShuZik.NoSkillTests;
				PRODUCT_NAME = "$(TARGET_NAME)";
				SDKROOT = auto;
				SUPPORTED_PLATFORMS = "iphoneos iphonesimulator macosx";
				SWIFT_EMIT_LOC_STRINGS = NO;
				SWIFT_VERSION = 5.0;
				TARGETED_DEVICE_FAMILY = "1,2";
				TEST_HOST = "$(BUILT_PRODUCTS_DIR)/SimpleCode.app/$(BUNDLE_EXECUTABLE_FOLDER_PATH)/SimpleCode";
			};
			name = Release;
		};
		BA9366A72BEE1CCD00B93F90 /* Debug */ = {
			isa = XCBuildConfiguration;
			buildSettings = {
				ALWAYS_EMBED_SWIFT_STANDARD_LIBRARIES = YES;
				CODE_SIGN_STYLE = Automatic;
				CURRENT_PROJECT_VERSION = 1;
				DEVELOPMENT_TEAM = 42S7J6AXED;
				GENERATE_INFOPLIST_FILE = YES;
				IPHONEOS_DEPLOYMENT_TARGET = 17.2;
				MACOSX_DEPLOYMENT_TARGET = 14.2;
				MARKETING_VERSION = 1.0;
				PRODUCT_BUNDLE_IDENTIFIER = com.ShuZik.NoSkillUITests;
				PRODUCT_NAME = "$(TARGET_NAME)";
				SDKROOT = auto;
				SUPPORTED_PLATFORMS = "iphoneos iphonesimulator macosx";
				SWIFT_EMIT_LOC_STRINGS = NO;
				SWIFT_VERSION = 5.0;
				TARGETED_DEVICE_FAMILY = "1,2";
				TEST_TARGET_NAME = NoSkill;
			};
			name = Debug;
		};
		BA9366A82BEE1CCD00B93F90 /* Release */ = {
			isa = XCBuildConfiguration;
			buildSettings = {
				ALWAYS_EMBED_SWIFT_STANDARD_LIBRARIES = YES;
				CODE_SIGN_STYLE = Automatic;
				CURRENT_PROJECT_VERSION = 1;
				DEVELOPMENT_TEAM = 42S7J6AXED;
				GENERATE_INFOPLIST_FILE = YES;
				IPHONEOS_DEPLOYMENT_TARGET = 17.2;
				MACOSX_DEPLOYMENT_TARGET = 14.2;
				MARKETING_VERSION = 1.0;
				PRODUCT_BUNDLE_IDENTIFIER = com.ShuZik.NoSkillUITests;
				PRODUCT_NAME = "$(TARGET_NAME)";
				SDKROOT = auto;
				SUPPORTED_PLATFORMS = "iphoneos iphonesimulator macosx";
				SWIFT_EMIT_LOC_STRINGS = NO;
				SWIFT_VERSION = 5.0;
				TARGETED_DEVICE_FAMILY = "1,2";
				TEST_TARGET_NAME = NoSkill;
			};
			name = Release;
		};
/* End XCBuildConfiguration section */

/* Begin XCConfigurationList section */
		BA9366742BEE1CCC00B93F90 /* Build configuration list for PBXProject "SimpleCode" */ = {
			isa = XCConfigurationList;
			buildConfigurations = (
				BA93669E2BEE1CCD00B93F90 /* Debug */,
				BA93669F2BEE1CCD00B93F90 /* Release */,
			);
			defaultConfigurationIsVisible = 0;
			defaultConfigurationName = Release;
		};
		BA9366A02BEE1CCD00B93F90 /* Build configuration list for PBXNativeTarget "SimpleCode" */ = {
			isa = XCConfigurationList;
			buildConfigurations = (
				BA9366A12BEE1CCD00B93F90 /* Debug */,
				BA9366A22BEE1CCD00B93F90 /* Release */,
			);
			defaultConfigurationIsVisible = 0;
			defaultConfigurationName = Release;
		};
		BA9366A32BEE1CCD00B93F90 /* Build configuration list for PBXNativeTarget "SimpleCodeTests" */ = {
			isa = XCConfigurationList;
			buildConfigurations = (
				BA9366A42BEE1CCD00B93F90 /* Debug */,
				BA9366A52BEE1CCD00B93F90 /* Release */,
			);
			defaultConfigurationIsVisible = 0;
			defaultConfigurationName = Release;
		};
		BA9366A62BEE1CCD00B93F90 /* Build configuration list for PBXNativeTarget "SimpleCodeUITests" */ = {
			isa = XCConfigurationList;
			buildConfigurations = (
				BA9366A72BEE1CCD00B93F90 /* Debug */,
				BA9366A82BEE1CCD00B93F90 /* Release */,
			);
			defaultConfigurationIsVisible = 0;
			defaultConfigurationName = Release;
		};
/* End XCConfigurationList section */
	};
	rootObject = BA9366712BEE1CCC00B93F90 /* Project object */;
}
